
Microsoft Visual Studio Solution File, Format Version 12.00
# Visual Studio Version 16
VisualStudioVersion = 16.0.29215.179
MinimumVisualStudioVersion = 10.0.40219.1
Project("{FAE04EC0-301F-11D3-BF4B-00C04F79EFBC}") = "Programlama-3.AdamAsmaca", "Programlama-3HomeWork\Programlama-3.AdamAsmaca.csproj", "{43F26B1A-3F2F-4BDA-8B17-96B3576A62B1}"
EndProject
Global
	GlobalSection(SolutionConfigurationPlatforms) = preSolution
		Debug|Any CPU = Debug|Any CPU
		Release|Any CPU = Release|Any CPU
	EndGlobalSection
	GlobalSection(ProjectConfigurationPlatforms) = postSolution
		{43F26B1A-3F2F-4BDA-8B17-96B3576A62B1}.Debug|Any CPU.ActiveCfg = Debug|Any CPU
		{43F26B1A-3F2F-4BDA-8B17-96B3576A62B1}.Debug|Any CPU.Build.0 = Debug|Any CPU
		{43F26B1A-3F2F-4BDA-8B17-96B3576A62B1}.Release|Any CPU.ActiveCfg = Release|Any CPU
		{43F26B1A-3F2F-4BDA-8B17-96B3576A62B1}.Release|Any CPU.Build.0 = Release|Any CPU
	EndGlobalSection
	GlobalSection(SolutionProperties) = preSolution
		HideSolutionNode = FALSE
	EndGlobalSection
	GlobalSection(ExtensibilityGlobals) = postSolution
		SolutionGuid = {AE3682A2-26EF-42B0-9928-D100E9B5FE8C}
	EndGlobalSection
EndGlobal
